// !$*UTF8*$!
{
	archiveVersion = 1;
	classes = {
	};
	objectVersion = 46;
	objects = {

/* Begin PBXBuildFile section */
		75CBA5C83CE644AE9927186A /* libPods.a in Frameworks */ = {isa = PBXBuildFile; fileRef = 5F4D79939C3E4C0787456B11 /* libPods.a */; };
		99191C4C1A4B7CD600932728 /* default.png in Resources */ = {isa = PBXBuildFile; fileRef = 99CE995818C0444A00C758EE /* default.png */; };
		9937D33A18BDA8CF00D3CD5F /* AppConfig.plist in Resources */ = {isa = PBXBuildFile; fileRef = 9937D33918BDA8CF00D3CD5F /* AppConfig.plist */; };
		9937D33C18BFB11200D3CD5F /* BLYTableViewCell.xib in Resources */ = {isa = PBXBuildFile; fileRef = 9937D33B18BFB11200D3CD5F /* BLYTableViewCell.xib */; };
		9937D33F18BFB24200D3CD5F /* BLYTableViewCell.m in Sources */ = {isa = PBXBuildFile; fileRef = 9937D33E18BFB24200D3CD5F /* BLYTableViewCell.m */; };
		99B29AFC18C3E3FC00A5E27B /* BLYDetailViewController.m in Sources */ = {isa = PBXBuildFile; fileRef = 99B29AFA18C3E3FC00A5E27B /* BLYDetailViewController.m */; };
		99B29AFD18C3E3FC00A5E27B /* BLYDetailViewController.xib in Resources */ = {isa = PBXBuildFile; fileRef = 99B29AFB18C3E3FC00A5E27B /* BLYDetailViewController.xib */; };
		99B29B0018C3EDFA00A5E27B /* BLYBaseViewController.m in Sources */ = {isa = PBXBuildFile; fileRef = 99B29AFF18C3EDFA00A5E27B /* BLYBaseViewController.m */; };
		99B29B0318C43AFE00A5E27B /* BLYSingletonManager.m in Sources */ = {isa = PBXBuildFile; fileRef = 99B29B0218C43AFE00A5E27B /* BLYSingletonManager.m */; };
		99C5B17F18BD9D58006E24E4 /* Foundation.framework in Frameworks */ = {isa = PBXBuildFile; fileRef = 99C5B17E18BD9D58006E24E4 /* Foundation.framework */; };
		99C5B18118BD9D58006E24E4 /* CoreGraphics.framework in Frameworks */ = {isa = PBXBuildFile; fileRef = 99C5B18018BD9D58006E24E4 /* CoreGraphics.framework */; };
		99C5B18318BD9D58006E24E4 /* UIKit.framework in Frameworks */ = {isa = PBXBuildFile; fileRef = 99C5B18218BD9D58006E24E4 /* UIKit.framework */; };
		99C5B18918BD9D58006E24E4 /* InfoPlist.strings in Resources */ = {isa = PBXBuildFile; fileRef = 99C5B18718BD9D58006E24E4 /* InfoPlist.strings */; };
		99C5B18B18BD9D58006E24E4 /* main.m in Sources */ = {isa = PBXBuildFile; fileRef = 99C5B18A18BD9D58006E24E4 /* main.m */; };
		99C5B18F18BD9D58006E24E4 /* BLYAppDelegate.m in Sources */ = {isa = PBXBuildFile; fileRef = 99C5B18E18BD9D58006E24E4 /* BLYAppDelegate.m */; };
		99C5B19118BD9D58006E24E4 /* Images.xcassets in Resources */ = {isa = PBXBuildFile; fileRef = 99C5B19018BD9D58006E24E4 /* Images.xcassets */; };
		99C5B19818BD9D58006E24E4 /* XCTest.framework in Frameworks */ = {isa = PBXBuildFile; fileRef = 99C5B19718BD9D58006E24E4 /* XCTest.framework */; };
		99C5B19918BD9D58006E24E4 /* Foundation.framework in Frameworks */ = {isa = PBXBuildFile; fileRef = 99C5B17E18BD9D58006E24E4 /* Foundation.framework */; };
		99C5B19A18BD9D58006E24E4 /* UIKit.framework in Frameworks */ = {isa = PBXBuildFile; fileRef = 99C5B18218BD9D58006E24E4 /* UIKit.framework */; };
		99C5B1A218BD9D58006E24E4 /* InfoPlist.strings in Resources */ = {isa = PBXBuildFile; fileRef = 99C5B1A018BD9D58006E24E4 /* InfoPlist.strings */; };
		99C5B1A418BD9D58006E24E4 /* MobileLocationApplicationTests.m in Sources */ = {isa = PBXBuildFile; fileRef = 99C5B1A318BD9D58006E24E4 /* MobileLocationApplicationTests.m */; };
		99C5B1B818BD9E89006E24E4 /* BLYTableViewController.m in Sources */ = {isa = PBXBuildFile; fileRef = 99C5B1B618BD9E89006E24E4 /* BLYTableViewController.m */; };
		99C5B1B918BD9E89006E24E4 /* BLYTableViewController.xib in Resources */ = {isa = PBXBuildFile; fileRef = 99C5B1B718BD9E89006E24E4 /* BLYTableViewController.xib */; };
		99CE995C18C29B4800C758EE /* MapKit.framework in Frameworks */ = {isa = PBXBuildFile; fileRef = 99CE995B18C29B4800C758EE /* MapKit.framework */; };
		99CE997118C3067400C758EE /* BLYSortViewController.m in Sources */ = {isa = PBXBuildFile; fileRef = 99CE996F18C3067400C758EE /* BLYSortViewController.m */; };
		99CE997218C3067400C758EE /* BLYSortViewController.xib in Resources */ = {isa = PBXBuildFile; fileRef = 99CE997018C3067400C758EE /* BLYSortViewController.xib */; };
/* End PBXBuildFile section */

/* Begin PBXContainerItemProxy section */
		99C5B19B18BD9D58006E24E4 /* PBXContainerItemProxy */ = {
			isa = PBXContainerItemProxy;
			containerPortal = 99C5B17318BD9D58006E24E4 /* Project object */;
			proxyType = 1;
			remoteGlobalIDString = 99C5B17A18BD9D58006E24E4;
			remoteInfo = MobileLocationApplication;
		};
/* End PBXContainerItemProxy section */

/* Begin PBXFileReference section */
		5F4D79939C3E4C0787456B11 /* libPods.a */ = {isa = PBXFileReference; explicitFileType = archive.ar; includeInIndex = 0; path = libPods.a; sourceTree = BUILT_PRODUCTS_DIR; };
		9937D33918BDA8CF00D3CD5F /* AppConfig.plist */ = {isa = PBXFileReference; fileEncoding = 4; lastKnownFileType = text.plist.xml; path = AppConfig.plist; sourceTree = "<group>"; };
		9937D33B18BFB11200D3CD5F /* BLYTableViewCell.xib */ = {isa = PBXFileReference; fileEncoding = 4; lastKnownFileType = file.xib; path = BLYTableViewCell.xib; sourceTree = "<group>"; };
		9937D33D18BFB24200D3CD5F /* BLYTableViewCell.h */ = {isa = PBXFileReference; fileEncoding = 4; lastKnownFileType = sourcecode.c.h; path = BLYTableViewCell.h; sourceTree = "<group>"; };
		9937D33E18BFB24200D3CD5F /* BLYTableViewCell.m */ = {isa = PBXFileReference; fileEncoding = 4; lastKnownFileType = sourcecode.c.objc; path = BLYTableViewCell.m; sourceTree = "<group>"; };
		99B29AF918C3E3FC00A5E27B /* BLYDetailViewController.h */ = {isa = PBXFileReference; fileEncoding = 4; lastKnownFileType = sourcecode.c.h; name = BLYDetailViewController.h; path = Controller/BLYDetailViewController.h; sourceTree = "<group>"; };
		99B29AFA18C3E3FC00A5E27B /* BLYDetailViewController.m */ = {isa = PBXFileReference; fileEncoding = 4; lastKnownFileType = sourcecode.c.objc; name = BLYDetailViewController.m; path = Controller/BLYDetailViewController.m; sourceTree = "<group>"; };
		99B29AFB18C3E3FC00A5E27B /* BLYDetailViewController.xib */ = {isa = PBXFileReference; fileEncoding = 4; lastKnownFileType = file.xib; name = BLYDetailViewController.xib; path = Controller/BLYDetailViewController.xib; sourceTree = "<group>"; };
		99B29AFE18C3EDFA00A5E27B /* BLYBaseViewController.h */ = {isa = PBXFileReference; fileEncoding = 4; lastKnownFileType = sourcecode.c.h; name = BLYBaseViewController.h; path = Controller/BLYBaseViewController.h; sourceTree = "<group>"; };
		99B29AFF18C3EDFA00A5E27B /* BLYBaseViewController.m */ = {isa = PBXFileReference; fileEncoding = 4; lastKnownFileType = sourcecode.c.objc; name = BLYBaseViewController.m; path = Controller/BLYBaseViewController.m; sourceTree = "<group>"; };
		99B29B0118C43AFE00A5E27B /* BLYSingletonManager.h */ = {isa = PBXFileReference; fileEncoding = 4; lastKnownFileType = sourcecode.c.h; path = BLYSingletonManager.h; sourceTree = "<group>"; };
		99B29B0218C43AFE00A5E27B /* BLYSingletonManager.m */ = {isa = PBXFileReference; fileEncoding = 4; lastKnownFileType = sourcecode.c.objc; path = BLYSingletonManager.m; sourceTree = "<group>"; };
		99C5B17B18BD9D58006E24E4 /* MobileLocationApplication.app */ = {isa = PBXFileReference; explicitFileType = wrapper.application; includeInIndex = 0; path = MobileLocationApplication.app; sourceTree = BUILT_PRODUCTS_DIR; };
		99C5B17E18BD9D58006E24E4 /* Foundation.framework */ = {isa = PBXFileReference; lastKnownFileType = wrapper.framework; name = Foundation.framework; path = System/Library/Frameworks/Foundation.framework; sourceTree = SDKROOT; };
		99C5B18018BD9D58006E24E4 /* CoreGraphics.framework */ = {isa = PBXFileReference; lastKnownFileType = wrapper.framework; name = CoreGraphics.framework; path = System/Library/Frameworks/CoreGraphics.framework; sourceTree = SDKROOT; };
		99C5B18218BD9D58006E24E4 /* UIKit.framework */ = {isa = PBXFileReference; lastKnownFileType = wrapper.framework; name = UIKit.framework; path = System/Library/Frameworks/UIKit.framework; sourceTree = SDKROOT; };
		99C5B18618BD9D58006E24E4 /* MobileLocationApplication-Info.plist */ = {isa = PBXFileReference; lastKnownFileType = text.plist.xml; path = "MobileLocationApplication-Info.plist"; sourceTree = "<group>"; };
		99C5B18818BD9D58006E24E4 /* en */ = {isa = PBXFileReference; lastKnownFileType = text.plist.strings; name = en; path = en.lproj/InfoPlist.strings; sourceTree = "<group>"; };
		99C5B18A18BD9D58006E24E4 /* main.m */ = {isa = PBXFileReference; lastKnownFileType = sourcecode.c.objc; path = main.m; sourceTree = "<group>"; };
		99C5B18C18BD9D58006E24E4 /* MobileLocationApplication-Prefix.pch */ = {isa = PBXFileReference; lastKnownFileType = sourcecode.c.h; path = "MobileLocationApplication-Prefix.pch"; sourceTree = "<group>"; };
		99C5B18D18BD9D58006E24E4 /* BLYAppDelegate.h */ = {isa = PBXFileReference; lastKnownFileType = sourcecode.c.h; path = BLYAppDelegate.h; sourceTree = "<group>"; };
		99C5B18E18BD9D58006E24E4 /* BLYAppDelegate.m */ = {isa = PBXFileReference; lastKnownFileType = sourcecode.c.objc; path = BLYAppDelegate.m; sourceTree = "<group>"; };
		99C5B19018BD9D58006E24E4 /* Images.xcassets */ = {isa = PBXFileReference; lastKnownFileType = folder.assetcatalog; path = Images.xcassets; sourceTree = "<group>"; };
		99C5B19618BD9D58006E24E4 /* MobileLocationApplicationTests.xctest */ = {isa = PBXFileReference; explicitFileType = wrapper.cfbundle; includeInIndex = 0; path = MobileLocationApplicationTests.xctest; sourceTree = BUILT_PRODUCTS_DIR; };
		99C5B19718BD9D58006E24E4 /* XCTest.framework */ = {isa = PBXFileReference; lastKnownFileType = wrapper.framework; name = XCTest.framework; path = Library/Frameworks/XCTest.framework; sourceTree = DEVELOPER_DIR; };
		99C5B19F18BD9D58006E24E4 /* MobileLocationApplicationTests-Info.plist */ = {isa = PBXFileReference; lastKnownFileType = text.plist.xml; path = "MobileLocationApplicationTests-Info.plist"; sourceTree = "<group>"; };
		99C5B1A118BD9D58006E24E4 /* en */ = {isa = PBXFileReference; lastKnownFileType = text.plist.strings; name = en; path = en.lproj/InfoPlist.strings; sourceTree = "<group>"; };
		99C5B1A318BD9D58006E24E4 /* MobileLocationApplicationTests.m */ = {isa = PBXFileReference; lastKnownFileType = sourcecode.c.objc; path = MobileLocationApplicationTests.m; sourceTree = "<group>"; };
		99C5B1B518BD9E89006E24E4 /* BLYTableViewController.h */ = {isa = PBXFileReference; fileEncoding = 4; lastKnownFileType = sourcecode.c.h; name = BLYTableViewController.h; path = Controller/BLYTableViewController.h; sourceTree = "<group>"; };
		99C5B1B618BD9E89006E24E4 /* BLYTableViewController.m */ = {isa = PBXFileReference; fileEncoding = 4; lastKnownFileType = sourcecode.c.objc; name = BLYTableViewController.m; path = Controller/BLYTableViewController.m; sourceTree = "<group>"; };
		99C5B1B718BD9E89006E24E4 /* BLYTableViewController.xib */ = {isa = PBXFileReference; fileEncoding = 4; lastKnownFileType = file.xib; name = BLYTableViewController.xib; path = Controller/BLYTableViewController.xib; sourceTree = "<group>"; };
		99CE995818C0444A00C758EE /* default.png */ = {isa = PBXFileReference; lastKnownFileType = image.png; path = default.png; sourceTree = "<group>"; };
		99CE995A18C0599600C758EE /* Yelp-icon.png */ = {isa = PBXFileReference; lastKnownFileType = image.png; path = "Yelp-icon.png"; sourceTree = "<group>"; };
		99CE995B18C29B4800C758EE /* MapKit.framework */ = {isa = PBXFileReference; lastKnownFileType = wrapper.framework; name = MapKit.framework; path = System/Library/Frameworks/MapKit.framework; sourceTree = SDKROOT; };
		99CE996E18C3067400C758EE /* BLYSortViewController.h */ = {isa = PBXFileReference; fileEncoding = 4; lastKnownFileType = sourcecode.c.h; name = BLYSortViewController.h; path = Controller/BLYSortViewController.h; sourceTree = "<group>"; };
		99CE996F18C3067400C758EE /* BLYSortViewController.m */ = {isa = PBXFileReference; fileEncoding = 4; lastKnownFileType = sourcecode.c.objc; name = BLYSortViewController.m; path = Controller/BLYSortViewController.m; sourceTree = "<group>"; };
		99CE997018C3067400C758EE /* BLYSortViewController.xib */ = {isa = PBXFileReference; fileEncoding = 4; lastKnownFileType = file.xib; name = BLYSortViewController.xib; path = Controller/BLYSortViewController.xib; sourceTree = "<group>"; };
		A4487042BE75422883805E28 /* Pods.xcconfig */ = {isa = PBXFileReference; includeInIndex = 1; lastKnownFileType = text.xcconfig; name = Pods.xcconfig; path = Pods/Pods.xcconfig; sourceTree = "<group>"; };
/* End PBXFileReference section */

/* Begin PBXFrameworksBuildPhase section */
		99C5B17818BD9D58006E24E4 /* Frameworks */ = {
			isa = PBXFrameworksBuildPhase;
			buildActionMask = 2147483647;
			files = (
				99CE995C18C29B4800C758EE /* MapKit.framework in Frameworks */,
				99C5B18118BD9D58006E24E4 /* CoreGraphics.framework in Frameworks */,
				99C5B18318BD9D58006E24E4 /* UIKit.framework in Frameworks */,
				99C5B17F18BD9D58006E24E4 /* Foundation.framework in Frameworks */,
				75CBA5C83CE644AE9927186A /* libPods.a in Frameworks */,
			);
			runOnlyForDeploymentPostprocessing = 0;
		};
		99C5B19318BD9D58006E24E4 /* Frameworks */ = {
			isa = PBXFrameworksBuildPhase;
			buildActionMask = 2147483647;
			files = (
				99C5B19818BD9D58006E24E4 /* XCTest.framework in Frameworks */,
				99C5B19A18BD9D58006E24E4 /* UIKit.framework in Frameworks */,
				99C5B19918BD9D58006E24E4 /* Foundation.framework in Frameworks */,
			);
			runOnlyForDeploymentPostprocessing = 0;
		};
/* End PBXFrameworksBuildPhase section */

/* Begin PBXGroup section */
		99C5B17218BD9D58006E24E4 = {
			isa = PBXGroup;
			children = (
				99CE995A18C0599600C758EE /* Yelp-icon.png */,
				99C5B18418BD9D58006E24E4 /* MobileLocationApplication */,
				99C5B19D18BD9D58006E24E4 /* MobileLocationApplicationTests */,
				99C5B17D18BD9D58006E24E4 /* Frameworks */,
				99C5B17C18BD9D58006E24E4 /* Products */,
				A4487042BE75422883805E28 /* Pods.xcconfig */,
			);
			sourceTree = "<group>";
		};
		99C5B17C18BD9D58006E24E4 /* Products */ = {
			isa = PBXGroup;
			children = (
				99C5B17B18BD9D58006E24E4 /* MobileLocationApplication.app */,
				99C5B19618BD9D58006E24E4 /* MobileLocationApplicationTests.xctest */,
			);
			name = Products;
			sourceTree = "<group>";
		};
		99C5B17D18BD9D58006E24E4 /* Frameworks */ = {
			isa = PBXGroup;
			children = (
				99CE995B18C29B4800C758EE /* MapKit.framework */,
				99C5B17E18BD9D58006E24E4 /* Foundation.framework */,
				99C5B18018BD9D58006E24E4 /* CoreGraphics.framework */,
				99C5B18218BD9D58006E24E4 /* UIKit.framework */,
				99C5B19718BD9D58006E24E4 /* XCTest.framework */,
				5F4D79939C3E4C0787456B11 /* libPods.a */,
			);
			name = Frameworks;
			sourceTree = "<group>";
		};
		99C5B18418BD9D58006E24E4 /* MobileLocationApplication */ = {
			isa = PBXGroup;
			children = (
				99CE995818C0444A00C758EE /* default.png */,
				99C5B18D18BD9D58006E24E4 /* BLYAppDelegate.h */,
				99C5B18E18BD9D58006E24E4 /* BLYAppDelegate.m */,
				99C5B1B518BD9E89006E24E4 /* BLYTableViewController.h */,
				99C5B1B618BD9E89006E24E4 /* BLYTableViewController.m */,
				99C5B1B718BD9E89006E24E4 /* BLYTableViewController.xib */,
				9937D33918BDA8CF00D3CD5F /* AppConfig.plist */,
				9937D33D18BFB24200D3CD5F /* BLYTableViewCell.h */,
				9937D33E18BFB24200D3CD5F /* BLYTableViewCell.m */,
				9937D33B18BFB11200D3CD5F /* BLYTableViewCell.xib */,
				99C5B19018BD9D58006E24E4 /* Images.xcassets */,
				99C5B18518BD9D58006E24E4 /* Supporting Files */,
				99CE996E18C3067400C758EE /* BLYSortViewController.h */,
				99CE996F18C3067400C758EE /* BLYSortViewController.m */,
				99CE997018C3067400C758EE /* BLYSortViewController.xib */,
				99B29AF918C3E3FC00A5E27B /* BLYDetailViewController.h */,
				99B29AFA18C3E3FC00A5E27B /* BLYDetailViewController.m */,
				99B29AFB18C3E3FC00A5E27B /* BLYDetailViewController.xib */,
				99B29AFE18C3EDFA00A5E27B /* BLYBaseViewController.h */,
				99B29AFF18C3EDFA00A5E27B /* BLYBaseViewController.m */,
				99B29B0118C43AFE00A5E27B /* BLYSingletonManager.h */,
				99B29B0218C43AFE00A5E27B /* BLYSingletonManager.m */,
			);
			path = MobileLocationApplication;
			sourceTree = "<group>";
		};
		99C5B18518BD9D58006E24E4 /* Supporting Files */ = {
			isa = PBXGroup;
			children = (
				99C5B18618BD9D58006E24E4 /* MobileLocationApplication-Info.plist */,
				99C5B18718BD9D58006E24E4 /* InfoPlist.strings */,
				99C5B18A18BD9D58006E24E4 /* main.m */,
				99C5B18C18BD9D58006E24E4 /* MobileLocationApplication-Prefix.pch */,
			);
			name = "Supporting Files";
			sourceTree = "<group>";
		};
		99C5B19D18BD9D58006E24E4 /* MobileLocationApplicationTests */ = {
			isa = PBXGroup;
			children = (
				99C5B1A318BD9D58006E24E4 /* MobileLocationApplicationTests.m */,
				99C5B19E18BD9D58006E24E4 /* Supporting Files */,
			);
			path = MobileLocationApplicationTests;
			sourceTree = "<group>";
		};
		99C5B19E18BD9D58006E24E4 /* Supporting Files */ = {
			isa = PBXGroup;
			children = (
				99C5B19F18BD9D58006E24E4 /* MobileLocationApplicationTests-Info.plist */,
				99C5B1A018BD9D58006E24E4 /* InfoPlist.strings */,
			);
			name = "Supporting Files";
			sourceTree = "<group>";
		};
/* End PBXGroup section */

/* Begin PBXNativeTarget section */
		99C5B17A18BD9D58006E24E4 /* MobileLocationApplication */ = {
			isa = PBXNativeTarget;
			buildConfigurationList = 99C5B1A718BD9D58006E24E4 /* Build configuration list for PBXNativeTarget "MobileLocationApplication" */;
			buildPhases = (
				5985921CBFED43A9B99E8960 /* Check Pods Manifest.lock */,
				99C5B17718BD9D58006E24E4 /* Sources */,
				99C5B17818BD9D58006E24E4 /* Frameworks */,
				99C5B17918BD9D58006E24E4 /* Resources */,
				6DEF6F8212854603B76B95B2 /* Copy Pods Resources */,
			);
			buildRules = (
			);
			dependencies = (
			);
			name = MobileLocationApplication;
			productName = MobileLocationApplication;
			productReference = 99C5B17B18BD9D58006E24E4 /* MobileLocationApplication.app */;
			productType = "com.apple.product-type.application";
		};
		99C5B19518BD9D58006E24E4 /* MobileLocationApplicationTests */ = {
			isa = PBXNativeTarget;
			buildConfigurationList = 99C5B1AA18BD9D58006E24E4 /* Build configuration list for PBXNativeTarget "MobileLocationApplicationTests" */;
			buildPhases = (
				99C5B19218BD9D58006E24E4 /* Sources */,
				99C5B19318BD9D58006E24E4 /* Frameworks */,
				99C5B19418BD9D58006E24E4 /* Resources */,
			);
			buildRules = (
			);
			dependencies = (
				99C5B19C18BD9D58006E24E4 /* PBXTargetDependency */,
			);
			name = MobileLocationApplicationTests;
			productName = MobileLocationApplicationTests;
			productReference = 99C5B19618BD9D58006E24E4 /* MobileLocationApplicationTests.xctest */;
			productType = "com.apple.product-type.bundle.unit-test";
		};
/* End PBXNativeTarget section */

/* Begin PBXProject section */
		99C5B17318BD9D58006E24E4 /* Project object */ = {
			isa = PBXProject;
			attributes = {
				CLASSPREFIX = BLY;
				LastUpgradeCheck = 0500;
				ORGANIZATIONNAME = Belly;
				TargetAttributes = {
					99C5B17A18BD9D58006E24E4 = {
						DevelopmentTeam = 4WVA6F394E;
					};
					99C5B19518BD9D58006E24E4 = {
						TestTargetID = 99C5B17A18BD9D58006E24E4;
					};
				};
			};
			buildConfigurationList = 99C5B17618BD9D58006E24E4 /* Build configuration list for PBXProject "MobileLocationApplication" */;
			compatibilityVersion = "Xcode 3.2";
			developmentRegion = English;
			hasScannedForEncodings = 0;
			knownRegions = (
				en,
			);
			mainGroup = 99C5B17218BD9D58006E24E4;
			productRefGroup = 99C5B17C18BD9D58006E24E4 /* Products */;
			projectDirPath = "";
			projectRoot = "";
			targets = (
				99C5B17A18BD9D58006E24E4 /* MobileLocationApplication */,
				99C5B19518BD9D58006E24E4 /* MobileLocationApplicationTests */,
			);
		};
/* End PBXProject section */

/* Begin PBXResourcesBuildPhase section */
		99C5B17918BD9D58006E24E4 /* Resources */ = {
			isa = PBXResourcesBuildPhase;
			buildActionMask = 2147483647;
			files = (
				99CE997218C3067400C758EE /* BLYSortViewController.xib in Resources */,
				9937D33C18BFB11200D3CD5F /* BLYTableViewCell.xib in Resources */,
				9937D33A18BDA8CF00D3CD5F /* AppConfig.plist in Resources */,
				99191C4C1A4B7CD600932728 /* default.png in Resources */,
				99C5B1B918BD9E89006E24E4 /* BLYTableViewController.xib in Resources */,
				99C5B18918BD9D58006E24E4 /* InfoPlist.strings in Resources */,
				99B29AFD18C3E3FC00A5E27B /* BLYDetailViewController.xib in Resources */,
				99C5B19118BD9D58006E24E4 /* Images.xcassets in Resources */,
			);
			runOnlyForDeploymentPostprocessing = 0;
		};
		99C5B19418BD9D58006E24E4 /* Resources */ = {
			isa = PBXResourcesBuildPhase;
			buildActionMask = 2147483647;
			files = (
				99C5B1A218BD9D58006E24E4 /* InfoPlist.strings in Resources */,
			);
			runOnlyForDeploymentPostprocessing = 0;
		};
/* End PBXResourcesBuildPhase section */

/* Begin PBXShellScriptBuildPhase section */
		5985921CBFED43A9B99E8960 /* Check Pods Manifest.lock */ = {
			isa = PBXShellScriptBuildPhase;
			buildActionMask = 2147483647;
			files = (
			);
			inputPaths = (
			);
			name = "Check Pods Manifest.lock";
			outputPaths = (
			);
			runOnlyForDeploymentPostprocessing = 0;
			shellPath = /bin/sh;
			shellScript = "diff \"${PODS_ROOT}/../Podfile.lock\" \"${PODS_ROOT}/Manifest.lock\" > /dev/null\nif [[ $? != 0 ]] ; then\n    cat << EOM\nerror: The sandbox is not in sync with the Podfile.lock. Run 'pod install' or update your CocoaPods installation.\nEOM\n    exit 1\nfi\n";
			showEnvVarsInLog = 0;
		};
		6DEF6F8212854603B76B95B2 /* Copy Pods Resources */ = {
			isa = PBXShellScriptBuildPhase;
			buildActionMask = 2147483647;
			files = (
			);
			inputPaths = (
			);
			name = "Copy Pods Resources";
			outputPaths = (
			);
			runOnlyForDeploymentPostprocessing = 0;
			shellPath = /bin/sh;
			shellScript = "\"${SRCROOT}/Pods/Pods-resources.sh\"\n";
			showEnvVarsInLog = 0;
		};
/* End PBXShellScriptBuildPhase section */

/* Begin PBXSourcesBuildPhase section */
		99C5B17718BD9D58006E24E4 /* Sources */ = {
			isa = PBXSourcesBuildPhase;
			buildActionMask = 2147483647;
			files = (
				99C5B18F18BD9D58006E24E4 /* BLYAppDelegate.m in Sources */,
				99B29AFC18C3E3FC00A5E27B /* BLYDetailViewController.m in Sources */,
				99B29B0018C3EDFA00A5E27B /* BLYBaseViewController.m in Sources */,
				99CE997118C3067400C758EE /* BLYSortViewController.m in Sources */,
				99C5B18B18BD9D58006E24E4 /* main.m in Sources */,
				99B29B0318C43AFE00A5E27B /* BLYSingletonManager.m in Sources */,
				99C5B1B818BD9E89006E24E4 /* BLYTableViewController.m in Sources */,
				9937D33F18BFB24200D3CD5F /* BLYTableViewCell.m in Sources */,
			);
			runOnlyForDeploymentPostprocessing = 0;
		};
		99C5B19218BD9D58006E24E4 /* Sources */ = {
			isa = PBXSourcesBuildPhase;
			buildActionMask = 2147483647;
			files = (
				99C5B1A418BD9D58006E24E4 /* MobileLocationApplicationTests.m in Sources */,
			);
			runOnlyForDeploymentPostprocessing = 0;
		};
/* End PBXSourcesBuildPhase section */

/* Begin PBXTargetDependency section */
		99C5B19C18BD9D58006E24E4 /* PBXTargetDependency */ = {
			isa = PBXTargetDependency;
			target = 99C5B17A18BD9D58006E24E4 /* MobileLocationApplication */;
			targetProxy = 99C5B19B18BD9D58006E24E4 /* PBXContainerItemProxy */;
		};
/* End PBXTargetDependency section */

/* Begin PBXVariantGroup section */
		99C5B18718BD9D58006E24E4 /* InfoPlist.strings */ = {
			isa = PBXVariantGroup;
			children = (
				99C5B18818BD9D58006E24E4 /* en */,
			);
			name = InfoPlist.strings;
			sourceTree = "<group>";
		};
		99C5B1A018BD9D58006E24E4 /* InfoPlist.strings */ = {
			isa = PBXVariantGroup;
			children = (
				99C5B1A118BD9D58006E24E4 /* en */,
			);
			name = InfoPlist.strings;
			sourceTree = "<group>";
		};
/* End PBXVariantGroup section */

/* Begin XCBuildConfiguration section */
		99C5B1A518BD9D58006E24E4 /* Debug */ = {
			isa = XCBuildConfiguration;
			buildSettings = {
				ALWAYS_SEARCH_USER_PATHS = NO;
				ARCHS = "$(ARCHS_STANDARD_INCLUDING_64_BIT)";
				CLANG_CXX_LANGUAGE_STANDARD = "gnu++0x";
				CLANG_CXX_LIBRARY = "libc++";
				CLANG_ENABLE_MODULES = YES;
				CLANG_ENABLE_OBJC_ARC = YES;
				CLANG_WARN_BOOL_CONVERSION = YES;
				CLANG_WARN_CONSTANT_CONVERSION = YES;
				CLANG_WARN_DIRECT_OBJC_ISA_USAGE = YES_ERROR;
				CLANG_WARN_EMPTY_BODY = YES;
				CLANG_WARN_ENUM_CONVERSION = YES;
				CLANG_WARN_INT_CONVERSION = YES;
				CLANG_WARN_OBJC_ROOT_CLASS = YES_ERROR;
				CLANG_WARN__DUPLICATE_METHOD_MATCH = YES;
				"CODE_SIGN_IDENTITY[sdk=iphoneos*]" = "iPhone Developer";
				COPY_PHASE_STRIP = NO;
				GCC_C_LANGUAGE_STANDARD = gnu99;
				GCC_DYNAMIC_NO_PIC = NO;
				GCC_OPTIMIZATION_LEVEL = 0;
				GCC_PREPROCESSOR_DEFINITIONS = (
					"DEBUG=1",
					"$(inherited)",
				);
				GCC_SYMBOLS_PRIVATE_EXTERN = NO;
				GCC_WARN_64_TO_32_BIT_CONVERSION = YES;
				GCC_WARN_ABOUT_RETURN_TYPE = YES_ERROR;
				GCC_WARN_UNDECLARED_SELECTOR = YES;
				GCC_WARN_UNINITIALIZED_AUTOS = YES;
				GCC_WARN_UNUSED_FUNCTION = YES;
				GCC_WARN_UNUSED_VARIABLE = YES;
				IPHONEOS_DEPLOYMENT_TARGET = 7.0;
				ONLY_ACTIVE_ARCH = YES;
				SDKROOT = iphoneos;
			};
			name = Debug;
		};
		99C5B1A618BD9D58006E24E4 /* Release */ = {
			isa = XCBuildConfiguration;
			buildSettings = {
				ALWAYS_SEARCH_USER_PATHS = NO;
				ARCHS = "$(ARCHS_STANDARD_INCLUDING_64_BIT)";
				CLANG_CXX_LANGUAGE_STANDARD = "gnu++0x";
				CLANG_CXX_LIBRARY = "libc++";
				CLANG_ENABLE_MODULES = YES;
				CLANG_ENABLE_OBJC_ARC = YES;
				CLANG_WARN_BOOL_CONVERSION = YES;
				CLANG_WARN_CONSTANT_CONVERSION = YES;
				CLANG_WARN_DIRECT_OBJC_ISA_USAGE = YES_ERROR;
				CLANG_WARN_EMPTY_BODY = YES;
				CLANG_WARN_ENUM_CONVERSION = YES;
				CLANG_WARN_INT_CONVERSION = YES;
				CLANG_WARN_OBJC_ROOT_CLASS = YES_ERROR;
				CLANG_WARN__DUPLICATE_METHOD_MATCH = YES;
				"CODE_SIGN_IDENTITY[sdk=iphoneos*]" = "iPhone Developer";
				COPY_PHASE_STRIP = YES;
				ENABLE_NS_ASSERTIONS = NO;
				GCC_C_LANGUAGE_STANDARD = gnu99;
				GCC_WARN_64_TO_32_BIT_CONVERSION = YES;
				GCC_WARN_ABOUT_RETURN_TYPE = YES_ERROR;
				GCC_WARN_UNDECLARED_SELECTOR = YES;
				GCC_WARN_UNINITIALIZED_AUTOS = YES;
				GCC_WARN_UNUSED_FUNCTION = YES;
				GCC_WARN_UNUSED_VARIABLE = YES;
				IPHONEOS_DEPLOYMENT_TARGET = 7.0;
				SDKROOT = iphoneos;
				VALIDATE_PRODUCT = YES;
			};
			name = Release;
		};
		99C5B1A818BD9D58006E24E4 /* Debug */ = {
			isa = XCBuildConfiguration;
			baseConfigurationReference = A4487042BE75422883805E28 /* Pods.xcconfig */;
			buildSettings = {
				ASSETCATALOG_COMPILER_APPICON_NAME = AppIcon;
				ASSETCATALOG_COMPILER_LAUNCHIMAGE_NAME = LaunchImage;
				CODE_SIGN_IDENTITY = "iPhone Developer";
				"CODE_SIGN_IDENTITY[sdk=iphoneos*]" = "iPhone Developer";
				GCC_PRECOMPILE_PREFIX_HEADER = YES;
				GCC_PREFIX_HEADER = "MobileLocationApplication/MobileLocationApplication-Prefix.pch";
				INFOPLIST_FILE = "MobileLocationApplication/MobileLocationApplication-Info.plist";
				PRODUCT_NAME = "$(TARGET_NAME)";
				PROVISIONING_PROFILE = "";
				WRAPPER_EXTENSION = app;
			};
			name = Debug;
		};
		99C5B1A918BD9D58006E24E4 /* Release */ = {
			isa = XCBuildConfiguration;
			baseConfigurationReference = A4487042BE75422883805E28 /* Pods.xcconfig */;
			buildSettings = {
				ASSETCATALOG_COMPILER_APPICON_NAME = AppIcon;
				ASSETCATALOG_COMPILER_LAUNCHIMAGE_NAME = LaunchImage;
				CODE_SIGN_IDENTITY = "iPhone Developer";
				"CODE_SIGN_IDENTITY[sdk=iphoneos*]" = "iPhone Developer";
				GCC_PRECOMPILE_PREFIX_HEADER = YES;
				GCC_PREFIX_HEADER = "MobileLocationApplication/MobileLocationApplication-Prefix.pch";
				INFOPLIST_FILE = "MobileLocationApplication/MobileLocationApplication-Info.plist";
				PRODUCT_NAME = "$(TARGET_NAME)";
				PROVISIONING_PROFILE = "";
				WRAPPER_EXTENSION = app;
			};
			name = Release;
		};
		99C5B1AB18BD9D58006E24E4 /* Debug */ = {
			isa = XCBuildConfiguration;
			buildSettings = {
				ARCHS = "$(ARCHS_STANDARD_INCLUDING_64_BIT)";
				BUNDLE_LOADER = "$(BUILT_PRODUCTS_DIR)/MobileLocationApplication.app/MobileLocationApplication";
				FRAMEWORK_SEARCH_PATHS = (
					"$(SDKROOT)/Developer/Library/Frameworks",
					"$(inherited)",
					"$(DEVELOPER_FRAMEWORKS_DIR)",
				);
				GCC_PRECOMPILE_PREFIX_HEADER = YES;
				GCC_PREFIX_HEADER = "MobileLocationApplication/MobileLocationApplication-Prefix.pch";
				GCC_PREPROCESSOR_DEFINITIONS = (
					"DEBUG=1",
					"$(inherited)",
				);
				INFOPLIST_FILE = "MobileLocationApplicationTests/MobileLocationApplicationTests-Info.plist";
				PRODUCT_NAME = "$(TARGET_NAME)";
				TEST_HOST = "$(BUNDLE_LOADER)";
				WRAPPER_EXTENSION = xctest;
			};
			name = Debug;
		};
		99C5B1AC18BD9D58006E24E4 /* Release */ = {
			isa = XCBuildConfiguration;
			buildSettings = {
				ARCHS = "$(ARCHS_STANDARD_INCLUDING_64_BIT)";
				BUNDLE_LOADER = "$(BUILT_PRODUCTS_DIR)/MobileLocationApplication.app/MobileLocationApplication";
				FRAMEWORK_SEARCH_PATHS = (
					"$(SDKROOT)/Developer/Library/Frameworks",
					"$(inherited)",
					"$(DEVELOPER_FRAMEWORKS_DIR)",
				);
				GCC_PRECOMPILE_PREFIX_HEADER = YES;
				GCC_PREFIX_HEADER = "MobileLocationApplication/MobileLocationApplication-Prefix.pch";
				INFOPLIST_FILE = "MobileLocationApplicationTests/MobileLocationApplicationTests-Info.plist";
				PRODUCT_NAME = "$(TARGET_NAME)";
				TEST_HOST = "$(BUNDLE_LOADER)";
				WRAPPER_EXTENSION = xctest;
			};
			name = Release;
		};
/* End XCBuildConfiguration section */

/* Begin XCConfigurationList section */
		99C5B17618BD9D58006E24E4 /* Build configuration list for PBXProject "MobileLocationApplication" */ = {
			isa = XCConfigurationList;
			buildConfigurations = (
				99C5B1A518BD9D58006E24E4 /* Debug */,
				99C5B1A618BD9D58006E24E4 /* Release */,
			);
			defaultConfigurationIsVisible = 0;
			defaultConfigurationName = Release;
		};
		99C5B1A718BD9D58006E24E4 /* Build configuration list for PBXNativeTarget "MobileLocationApplication" */ = {
			isa = XCConfigurationList;
			buildConfigurations = (
				99C5B1A818BD9D58006E24E4 /* Debug */,
				99C5B1A918BD9D58006E24E4 /* Release */,
			);
			defaultConfigurationIsVisible = 0;
			defaultConfigurationName = Release;
		};
		99C5B1AA18BD9D58006E24E4 /* Build configuration list for PBXNativeTarget "MobileLocationApplicationTests" */ = {
			isa = XCConfigurationList;
			buildConfigurations = (
				99C5B1AB18BD9D58006E24E4 /* Debug */,
				99C5B1AC18BD9D58006E24E4 /* Release */,
			);
			defaultConfigurationIsVisible = 0;
			defaultConfigurationName = Release;
		};
/* End XCConfigurationList section */
	};
	rootObject = 99C5B17318BD9D58006E24E4 /* Project object */;
}
